
Microsoft Visual Studio Solution File, Format Version 12.00
# Visual Studio Version 17
VisualStudioVersion = 17.11.35222.181
MinimumVisualStudioVersion = 10.0.40219.1
Project("{8BC9CEB8-8B4A-11D0-8D11-00A0C91BC942}") = "week10", "week10.vcxproj", "{BF64F33D-E0BE-46FA-A2BB-09611D8A71D5}"
EndProject
Global
	GlobalSection(SolutionConfigurationPlatforms) = preSolution
		Debug|x64 = Debug|x64
		Debug|x86 = Debug|x86
		Release|x64 = Release|x64
		Release|x86 = Release|x86
	EndGlobalSection
	GlobalSection(ProjectConfigurationPlatforms) = postSolution
		{BF64F33D-E0BE-46FA-A2BB-09611D8A71D5}.Debug|x64.ActiveCfg = Debug|x64
		{BF64F33D-E0BE-46FA-A2BB-09611D8A71D5}.Debug|x64.Build.0 = Debug|x64
		{BF64F33D-E0BE-46FA-A2BB-09611D8A71D5}.Debug|x86.ActiveCfg = Debug|Win32
		{BF64F33D-E0BE-46FA-A2BB-09611D8A71D5}.Debug|x86.Build.0 = Debug|Win32
		{BF64F33D-E0BE-46FA-A2BB-09611D8A71D5}.Release|x64.ActiveCfg = Release|x64
		{BF64F33D-E0BE-46FA-A2BB-09611D8A71D5}.Release|x64.Build.0 = Release|x64
		{BF64F33D-E0BE-46FA-A2BB-09611D8A71D5}.Release|x86.ActiveCfg = Release|Win32
		{BF64F33D-E0BE-46FA-A2BB-09611D8A71D5}.Release|x86.Build.0 = Release|Win32
	EndGlobalSection
	GlobalSection(SolutionProperties) = preSolution
		HideSolutionNode = FALSE
	EndGlobalSection
	GlobalSection(ExtensibilityGlobals) = postSolution
		SolutionGuid = {967E3288-4706-4B34-9012-0D889F368E4B}
	EndGlobalSection
EndGlobal
